
Microsoft Visual Studio Solution File, Format Version 11.00
# Visual Studio 2010
Project("{FAE04EC0-301F-11D3-BF4B-00C04F79EFBC}") = "Tableau_Objet", "Tableau_Objet\Tableau_Objet.csproj", "{9073A811-E8C1-4563-81B4-C4901CF2112F}"
EndProject
Global
	GlobalSection(SolutionConfigurationPlatforms) = preSolution
		Debug|x86 = Debug|x86
		Release|x86 = Release|x86
	EndGlobalSection
	GlobalSection(ProjectConfigurationPlatforms) = postSolution
		{9073A811-E8C1-4563-81B4-C4901CF2112F}.Debug|x86.ActiveCfg = Debug|x86
		{9073A811-E8C1-4563-81B4-C4901CF2112F}.Debug|x86.Build.0 = Debug|x86
		{9073A811-E8C1-4563-81B4-C4901CF2112F}.Release|x86.ActiveCfg = Release|x86
		{9073A811-E8C1-4563-81B4-C4901CF2112F}.Release|x86.Build.0 = Release|x86
	EndGlobalSection
	GlobalSection(SolutionProperties) = preSolution
		HideSolutionNode = FALSE
	EndGlobalSection
EndGlobal
